
Microsoft Visual Studio Solution File, Format Version 12.00
# Visual Studio Version 16
VisualStudioVersion = 16.0.29613.14
MinimumVisualStudioVersion = 10.0.40219.1
Project("{FAE04EC0-301F-11D3-BF4B-00C04F79EFBC}") = "Enkapsulacja", "Enkapsulacja.csproj", "{679476B6-DE71-4ACF-852F-755DBB978D9E}"
EndProject
Project("{2150E333-8FDC-42A3-9474-1A3956D46DE8}") = "Solution Items", "Solution Items", "{C8E99B53-457E-47E1-9C2D-BEF2CDED8C0C}"
	ProjectSection(SolutionItems) = preProject
		Class1.cs = Class1.cs
	EndProjectSection
EndProject
Global
	GlobalSection(SolutionConfigurationPlatforms) = preSolution
		Debug|Any CPU = Debug|Any CPU
		Release|Any CPU = Release|Any CPU
	EndGlobalSection
	GlobalSection(ProjectConfigurationPlatforms) = postSolution
		{679476B6-DE71-4ACF-852F-755DBB978D9E}.Debug|Any CPU.ActiveCfg = Debug|Any CPU
		{679476B6-DE71-4ACF-852F-755DBB978D9E}.Debug|Any CPU.Build.0 = Debug|Any CPU
		{679476B6-DE71-4ACF-852F-755DBB978D9E}.Release|Any CPU.ActiveCfg = Release|Any CPU
		{679476B6-DE71-4ACF-852F-755DBB978D9E}.Release|Any CPU.Build.0 = Release|Any CPU
	EndGlobalSection
	GlobalSection(SolutionProperties) = preSolution
		HideSolutionNode = FALSE
	EndGlobalSection
	GlobalSection(ExtensibilityGlobals) = postSolution
		SolutionGuid = {16408793-1DE2-4803-882C-72F302DCFDA7}
	EndGlobalSection
EndGlobal
